
Microsoft Visual Studio Solution File, Format Version 12.00
# Visual Studio Version 17
VisualStudioVersion = 17.12.35527.113 d17.12
MinimumVisualStudioVersion = 10.0.40219.1
Project("{FAE04EC0-301F-11D3-BF4B-00C04F79EFBC}") = "Muda.Checker.WPF", "Muda.Checker.WPF\Muda.Checker.WPF.csproj", "{0B88FAA7-C110-4B79-B50C-5AD2159661CE}"
EndProject
Project("{FAE04EC0-301F-11D3-BF4B-00C04F79EFBC}") = "Muda.Checker.Domain", "Muda.Checker.Domain\Muda.Checker.Domain.csproj", "{12B1C4AA-0ECB-4A61-9FD4-446DDB59048C}"
EndProject
Global
	GlobalSection(SolutionConfigurationPlatforms) = preSolution
		Debug|Any CPU = Debug|Any CPU
		Release|Any CPU = Release|Any CPU
	EndGlobalSection
	GlobalSection(ProjectConfigurationPlatforms) = postSolution
		{0B88FAA7-C110-4B79-B50C-5AD2159661CE}.Debug|Any CPU.ActiveCfg = Debug|Any CPU
		{0B88FAA7-C110-4B79-B50C-5AD2159661CE}.Debug|Any CPU.Build.0 = Debug|Any CPU
		{0B88FAA7-C110-4B79-B50C-5AD2159661CE}.Release|Any CPU.ActiveCfg = Release|Any CPU
		{0B88FAA7-C110-4B79-B50C-5AD2159661CE}.Release|Any CPU.Build.0 = Release|Any CPU
		{12B1C4AA-0ECB-4A61-9FD4-446DDB59048C}.Debug|Any CPU.ActiveCfg = Debug|Any CPU
		{12B1C4AA-0ECB-4A61-9FD4-446DDB59048C}.Debug|Any CPU.Build.0 = Debug|Any CPU
		{12B1C4AA-0ECB-4A61-9FD4-446DDB59048C}.Release|Any CPU.ActiveCfg = Release|Any CPU
		{12B1C4AA-0ECB-4A61-9FD4-446DDB59048C}.Release|Any CPU.Build.0 = Release|Any CPU
	EndGlobalSection
	GlobalSection(SolutionProperties) = preSolution
		HideSolutionNode = FALSE
	EndGlobalSection
EndGlobal
